
Microsoft Visual Studio Solution File, Format Version 12.00
# Visual Studio Version 16
VisualStudioVersion = 16.0.31729.503
MinimumVisualStudioVersion = 10.0.40219.1
Project("{FAE04EC0-301F-11D3-BF4B-00C04F79EFBC}") = "DataGridTest", "DataGridTest\DataGridTest.csproj", "{4AF80806-9FA6-4FF5-B657-35CB82C19ACB}"
EndProject
Global
	GlobalSection(SolutionConfigurationPlatforms) = preSolution
		Debug|Any CPU = Debug|Any CPU
		Release|Any CPU = Release|Any CPU
	EndGlobalSection
	GlobalSection(ProjectConfigurationPlatforms) = postSolution
		{4AF80806-9FA6-4FF5-B657-35CB82C19ACB}.Debug|Any CPU.ActiveCfg = Debug|Any CPU
		{4AF80806-9FA6-4FF5-B657-35CB82C19ACB}.Debug|Any CPU.Build.0 = Debug|Any CPU
		{4AF80806-9FA6-4FF5-B657-35CB82C19ACB}.Release|Any CPU.ActiveCfg = Release|Any CPU
		{4AF80806-9FA6-4FF5-B657-35CB82C19ACB}.Release|Any CPU.Build.0 = Release|Any CPU
	EndGlobalSection
	GlobalSection(SolutionProperties) = preSolution
		HideSolutionNode = FALSE
	EndGlobalSection
	GlobalSection(ExtensibilityGlobals) = postSolution
		SolutionGuid = {36641FD8-10A5-406E-B914-E2F25F253F09}
	EndGlobalSection
EndGlobal
